# THIS IS AN AUTOGENERATED FILE. DO NOT EDIT THIS FILE DIRECTLY.
# yarn lockfile v1


csv-generate@^3.4.0:
  version "3.4.0"
  resolved "https://registry.yarnpkg.com/csv-generate/-/csv-generate-3.4.0.tgz#360ed73ef8ec7119515a47c3bd5970ac4b988f00"
  integrity sha512-D6yi7c6lL70cpTx3TQIVWKrfxuLiKa0pBizu0zi7fSRXlhmE7u674gk9k1IjCEnxKq2t6xzbXnxcOmSdBbE8vQ==

csv-parse@^4.15.3:
  version "4.15.4"
  resolved "https://registry.yarnpkg.com/csv-parse/-/csv-parse-4.15.4.tgz#ad1ec62aaf71a642982dfcb81f1848184d691db5"
  integrity sha512-OdBbFc0yZhOm17lSxqkirrHlFFVpKRT0wp4DAGoJelsP3LbGzV9LNr7XmM/lrr0uGkCtaqac9UhP8PDHXOAbMg==

csv-stringify@^5.6.2:
  version "5.6.2"
  resolved "https://registry.yarnpkg.com/csv-stringify/-/csv-stringify-5.6.2.tgz#e653783e2189c4c797fbb12abf7f4943c787caa9"
  integrity sha512-n3rIVbX6ylm1YsX2NEug9IaPV8xRnT+9/NNZbrA/bcHgOSSeqtWla6XnI/xmyu57wIw+ASCAoX1oM6EZtqJV0A==

csv@^5.5.0:
  version "5.5.0"
  resolved "https://registry.yarnpkg.com/csv/-/csv-5.5.0.tgz#8ef89e9ac22559064aedf3cbbb912ed4c2aaf9ac"
  integrity sha512-32tcuxdb4HW3zbk8NBcVQb8/7xuJB5sv+q4BuQ6++E/K6JvHvWoCHcGzB5Au95vVikNH4ztE0XNC/Bws950cfA==
  dependencies:
    csv-generate "^3.4.0"
    csv-parse "^4.15.3"
    csv-stringify "^5.6.2"
    stream-transform "^2.1.0"

mixme@^0.5.0:
  version "0.5.1"
  resolved "https://registry.yarnpkg.com/mixme/-/mixme-0.5.1.tgz#b3da79a563b2da46efba9519830059e4c2a9e40f"
  integrity sha512-NaeZIckeBFT7i0XBEpGyFcAE0/bLcQ9MHErTpnU3bLWVE5WZbxG5Y3fDsMxYGifTo5khDA42OquXCC2ngKJB+g==

stream-transform@^2.1.0:
  version "2.1.0"
  resolved "https://registry.yarnpkg.com/stream-transform/-/stream-transform-2.1.0.tgz#e68cc062cced5b8ee669ae97f4be473eee5d9227"
  integrity sha512-bwQO+75rzQbug7e5OOHnOR3FgbJ0fCjHmDIdynkwUaFzleBXugGmv2dx3sX3aIHUQRLjrcisRPgN9BWl63uGgw==
  dependencies:
    mixme "^0.5.0"
